
Microsoft Visual Studio Solution File, Format Version 12.00
# Visual Studio Version 17
VisualStudioVersion = 17.4.33403.182
MinimumVisualStudioVersion = 10.0.40219.1
Project("{FAE04EC0-301F-11D3-BF4B-00C04F79EFBC}") = "TaskSystem", "TaskSystem\TaskSystem.csproj", "{8E899E85-90BF-4C08-B4D5-1B5C632E1FF7}"
EndProject
Global
	GlobalSection(SolutionConfigurationPlatforms) = preSolution
		Debug|Any CPU = Debug|Any CPU
		Release|Any CPU = Release|Any CPU
	EndGlobalSection
	GlobalSection(ProjectConfigurationPlatforms) = postSolution
		{8E899E85-90BF-4C08-B4D5-1B5C632E1FF7}.Debug|Any CPU.ActiveCfg = Debug|Any CPU
		{8E899E85-90BF-4C08-B4D5-1B5C632E1FF7}.Debug|Any CPU.Build.0 = Debug|Any CPU
		{8E899E85-90BF-4C08-B4D5-1B5C632E1FF7}.Release|Any CPU.ActiveCfg = Release|Any CPU
		{8E899E85-90BF-4C08-B4D5-1B5C632E1FF7}.Release|Any CPU.Build.0 = Release|Any CPU
	EndGlobalSection
	GlobalSection(SolutionProperties) = preSolution
		HideSolutionNode = FALSE
	EndGlobalSection
	GlobalSection(ExtensibilityGlobals) = postSolution
		SolutionGuid = {559BE9A4-806C-48A8-ABC2-00D5209CB9E8}
	EndGlobalSection
EndGlobal
